// !$*UTF8*$!
{
	archiveVersion = 1;
	classes = {
	};
	objectVersion = 54;
	objects = {

/* Begin PBXBuildFile section */
		C8C8446F2E5C169500D17A2A /* AIResponse.swift in Sources */ = {isa = PBXBuildFile; fileRef = C8C8446E2E5C169500D17A2A /* AIResponse.swift */; };
		C8C844712E5C16B500D17A2A /* AIService.swift in Sources */ = {isa = PBXBuildFile; fileRef = C8C844702E5C16B500D17A2A /* AIService.swift */; };
		C8C844732E5C16D300D17A2A /* NetworkManager.swift in Sources */ = {isa = PBXBuildFile; fileRef = C8C844722E5C16D300D17A2A /* NetworkManager.swift */; };
		C8C844752E5C16ED00D17A2A /* RequestBuilder.swift in Sources */ = {isa = PBXBuildFile; fileRef = C8C844742E5C16ED00D17A2A /* RequestBuilder.swift */; };
		C8C844772E5C170D00D17A2A /* Keys.swift in Sources */ = {isa = PBXBuildFile; fileRef = C8C844762E5C170D00D17A2A /* Keys.swift */; };
		C8C844792E5C1DFB00D17A2A /* FetchTipCommentManager.swift in Sources */ = {isa = PBXBuildFile; fileRef = C8C844782E5C1DFB00D17A2A /* FetchTipCommentManager.swift */; };
		C8C8447C2E5E01E500D17A2A /* GoogleMobileAds in Frameworks */ = {isa = PBXBuildFile; productRef = C8C8447B2E5E01E500D17A2A /* GoogleMobileAds */; };
		C8C8447E2E5E21BA00D17A2A /* StringSettings.swift in Sources */ = {isa = PBXBuildFile; fileRef = C8C8447D2E5E21BA00D17A2A /* StringSettings.swift */; };
		C9AE22C224CBF549003290A0 /* AppDelegate.swift in Sources */ = {isa = PBXBuildFile; fileRef = C9AE22C124CBF549003290A0 /* AppDelegate.swift */; };
		C9AE22C424CBF549003290A0 /* SceneDelegate.swift in Sources */ = {isa = PBXBuildFile; fileRef = C9AE22C324CBF549003290A0 /* SceneDelegate.swift */; };
		C9AE22C924CBF549003290A0 /* Main.storyboard in Resources */ = {isa = PBXBuildFile; fileRef = C9AE22C724CBF549003290A0 /* Main.storyboard */; };
		C9AE22CC24CBF549003290A0 /* HitTips.xcdatamodeld in Sources */ = {isa = PBXBuildFile; fileRef = C9AE22CA24CBF549003290A0 /* HitTips.xcdatamodeld */; };
		C9AE22CE24CBF54B003290A0 /* Assets.xcassets in Resources */ = {isa = PBXBuildFile; fileRef = C9AE22CD24CBF54B003290A0 /* Assets.xcassets */; };
		C9AE22D124CBF54B003290A0 /* LaunchScreen.storyboard in Resources */ = {isa = PBXBuildFile; fileRef = C9AE22CF24CBF54B003290A0 /* LaunchScreen.storyboard */; };
		C9AE22DD24CBF75B003290A0 /* MainViewController.swift in Sources */ = {isa = PBXBuildFile; fileRef = C9AE22DC24CBF75B003290A0 /* MainViewController.swift */; };
		C9AE22DF24CBF8FE003290A0 /* AlertMessages.swift in Sources */ = {isa = PBXBuildFile; fileRef = C9AE22DE24CBF8FE003290A0 /* AlertMessages.swift */; };
		C9AE22E824CBF90D003290A0 /* TipRepresentation.swift in Sources */ = {isa = PBXBuildFile; fileRef = C9AE22E024CBF90D003290A0 /* TipRepresentation.swift */; };
		C9AE22E924CBF90D003290A0 /* Tips.swift in Sources */ = {isa = PBXBuildFile; fileRef = C9AE22E124CBF90D003290A0 /* Tips.swift */; };
		C9AE22EA24CBF90D003290A0 /* CoreDataStack.swift in Sources */ = {isa = PBXBuildFile; fileRef = C9AE22E224CBF90D003290A0 /* CoreDataStack.swift */; };
		C9AE22EB24CBF90D003290A0 /* TipController.swift in Sources */ = {isa = PBXBuildFile; fileRef = C9AE22E324CBF90D003290A0 /* TipController.swift */; };
		C9AE22EC24CBF90D003290A0 /* Date+Formatter.swift in Sources */ = {isa = PBXBuildFile; fileRef = C9AE22E424CBF90D003290A0 /* Date+Formatter.swift */; };
		C9AE22ED24CBF90D003290A0 /* Comments.swift in Sources */ = {isa = PBXBuildFile; fileRef = C9AE22E524CBF90D003290A0 /* Comments.swift */; };
		C9AE22EE24CBF90D003290A0 /* Tip+Convenience.swift in Sources */ = {isa = PBXBuildFile; fileRef = C9AE22E624CBF90D003290A0 /* Tip+Convenience.swift */; };
		C9AE22F524CBF988003290A0 /* TipDetailViewController.swift in Sources */ = {isa = PBXBuildFile; fileRef = C9AE22F224CBF988003290A0 /* TipDetailViewController.swift */; };
		C9AE22F624CBF988003290A0 /* HistoryTableViewController.swift in Sources */ = {isa = PBXBuildFile; fileRef = C9AE22F324CBF988003290A0 /* HistoryTableViewController.swift */; };
		C9AE22F724CBF988003290A0 /* HistoryTableViewCell.swift in Sources */ = {isa = PBXBuildFile; fileRef = C9AE22F424CBF988003290A0 /* HistoryTableViewCell.swift */; };
/* End PBXBuildFile section */

/* Begin PBXFileReference section */
		C8C8446E2E5C169500D17A2A /* AIResponse.swift */ = {isa = PBXFileReference; lastKnownFileType = sourcecode.swift; path = AIResponse.swift; sourceTree = "<group>"; };
		C8C844702E5C16B500D17A2A /* AIService.swift */ = {isa = PBXFileReference; lastKnownFileType = sourcecode.swift; path = AIService.swift; sourceTree = "<group>"; };
		C8C844722E5C16D300D17A2A /* NetworkManager.swift */ = {isa = PBXFileReference; lastKnownFileType = sourcecode.swift; path = NetworkManager.swift; sourceTree = "<group>"; };
		C8C844742E5C16ED00D17A2A /* RequestBuilder.swift */ = {isa = PBXFileReference; lastKnownFileType = sourcecode.swift; path = RequestBuilder.swift; sourceTree = "<group>"; };
		C8C844762E5C170D00D17A2A /* Keys.swift */ = {isa = PBXFileReference; lastKnownFileType = sourcecode.swift; path = Keys.swift; sourceTree = "<group>"; };
		C8C844782E5C1DFB00D17A2A /* FetchTipCommentManager.swift */ = {isa = PBXFileReference; lastKnownFileType = sourcecode.swift; path = FetchTipCommentManager.swift; sourceTree = "<group>"; };
		C8C8447D2E5E21BA00D17A2A /* StringSettings.swift */ = {isa = PBXFileReference; lastKnownFileType = sourcecode.swift; path = StringSettings.swift; sourceTree = "<group>"; };
		C9AE22BE24CBF549003290A0 /* HitTips.app */ = {isa = PBXFileReference; explicitFileType = wrapper.application; includeInIndex = 0; path = HitTips.app; sourceTree = BUILT_PRODUCTS_DIR; };
		C9AE22C124CBF549003290A0 /* AppDelegate.swift */ = {isa = PBXFileReference; lastKnownFileType = sourcecode.swift; path = AppDelegate.swift; sourceTree = "<group>"; };
		C9AE22C324CBF549003290A0 /* SceneDelegate.swift */ = {isa = PBXFileReference; lastKnownFileType = sourcecode.swift; path = SceneDelegate.swift; sourceTree = "<group>"; };
		C9AE22C824CBF549003290A0 /* Base */ = {isa = PBXFileReference; lastKnownFileType = file.storyboard; name = Base; path = Base.lproj/Main.storyboard; sourceTree = "<group>"; };
		C9AE22CB24CBF549003290A0 /* HitTips.xcdatamodel */ = {isa = PBXFileReference; lastKnownFileType = wrapper.xcdatamodel; path = HitTips.xcdatamodel; sourceTree = "<group>"; };
		C9AE22CD24CBF54B003290A0 /* Assets.xcassets */ = {isa = PBXFileReference; lastKnownFileType = folder.assetcatalog; path = Assets.xcassets; sourceTree = "<group>"; };
		C9AE22D024CBF54B003290A0 /* Base */ = {isa = PBXFileReference; lastKnownFileType = file.storyboard; name = Base; path = Base.lproj/LaunchScreen.storyboard; sourceTree = "<group>"; };
		C9AE22D224CBF54B003290A0 /* Info.plist */ = {isa = PBXFileReference; lastKnownFileType = text.plist.xml; path = Info.plist; sourceTree = "<group>"; };
		C9AE22DC24CBF75B003290A0 /* MainViewController.swift */ = {isa = PBXFileReference; lastKnownFileType = sourcecode.swift; path = MainViewController.swift; sourceTree = "<group>"; };
		C9AE22DE24CBF8FE003290A0 /* AlertMessages.swift */ = {isa = PBXFileReference; fileEncoding = 4; lastKnownFileType = sourcecode.swift; path = AlertMessages.swift; sourceTree = "<group>"; };
		C9AE22E024CBF90D003290A0 /* TipRepresentation.swift */ = {isa = PBXFileReference; fileEncoding = 4; lastKnownFileType = sourcecode.swift; path = TipRepresentation.swift; sourceTree = "<group>"; };
		C9AE22E124CBF90D003290A0 /* Tips.swift */ = {isa = PBXFileReference; fileEncoding = 4; lastKnownFileType = sourcecode.swift; path = Tips.swift; sourceTree = "<group>"; };
		C9AE22E224CBF90D003290A0 /* CoreDataStack.swift */ = {isa = PBXFileReference; fileEncoding = 4; lastKnownFileType = sourcecode.swift; path = CoreDataStack.swift; sourceTree = "<group>"; };
		C9AE22E324CBF90D003290A0 /* TipController.swift */ = {isa = PBXFileReference; fileEncoding = 4; lastKnownFileType = sourcecode.swift; path = TipController.swift; sourceTree = "<group>"; };
		C9AE22E424CBF90D003290A0 /* Date+Formatter.swift */ = {isa = PBXFileReference; fileEncoding = 4; lastKnownFileType = sourcecode.swift; path = "Date+Formatter.swift"; sourceTree = "<group>"; };
		C9AE22E524CBF90D003290A0 /* Comments.swift */ = {isa = PBXFileReference; fileEncoding = 4; lastKnownFileType = sourcecode.swift; path = Comments.swift; sourceTree = "<group>"; };
		C9AE22E624CBF90D003290A0 /* Tip+Convenience.swift */ = {isa = PBXFileReference; fileEncoding = 4; lastKnownFileType = sourcecode.swift; path = "Tip+Convenience.swift"; sourceTree = "<group>"; };
		C9AE22F224CBF988003290A0 /* TipDetailViewController.swift */ = {isa = PBXFileReference; fileEncoding = 4; lastKnownFileType = sourcecode.swift; path = TipDetailViewController.swift; sourceTree = "<group>"; };
		C9AE22F324CBF988003290A0 /* HistoryTableViewController.swift */ = {isa = PBXFileReference; fileEncoding = 4; lastKnownFileType = sourcecode.swift; path = HistoryTableViewController.swift; sourceTree = "<group>"; };
		C9AE22F424CBF988003290A0 /* HistoryTableViewCell.swift */ = {isa = PBXFileReference; fileEncoding = 4; lastKnownFileType = sourcecode.swift; path = HistoryTableViewCell.swift; sourceTree = "<group>"; };
/* End PBXFileReference section */

/* Begin PBXFrameworksBuildPhase section */
		C9AE22BB24CBF549003290A0 /* Frameworks */ = {
			isa = PBXFrameworksBuildPhase;
			buildActionMask = 2147483647;
			files = (
				C8C8447C2E5E01E500D17A2A /* GoogleMobileAds in Frameworks */,
			);
			runOnlyForDeploymentPostprocessing = 0;
		};
/* End PBXFrameworksBuildPhase section */

/* Begin PBXGroup section */
		C8C8446D2E5C167B00D17A2A /* View Models */ = {
			isa = PBXGroup;
			children = (
				C8C8446E2E5C169500D17A2A /* AIResponse.swift */,
				C8C844702E5C16B500D17A2A /* AIService.swift */,
				C8C844722E5C16D300D17A2A /* NetworkManager.swift */,
				C8C844742E5C16ED00D17A2A /* RequestBuilder.swift */,
				C8C844782E5C1DFB00D17A2A /* FetchTipCommentManager.swift */,
			);
			path = "View Models";
			sourceTree = "<group>";
		};
		C9AE22B524CBF549003290A0 = {
			isa = PBXGroup;
			children = (
				C9AE22C024CBF549003290A0 /* HitTips */,
				C9AE22BF24CBF549003290A0 /* Products */,
			);
			sourceTree = "<group>";
		};
		C9AE22BF24CBF549003290A0 /* Products */ = {
			isa = PBXGroup;
			children = (
				C9AE22BE24CBF549003290A0 /* HitTips.app */,
			);
			name = Products;
			sourceTree = "<group>";
		};
		C9AE22C024CBF549003290A0 /* HitTips */ = {
			isa = PBXGroup;
			children = (
				C8C8446D2E5C167B00D17A2A /* View Models */,
				C9AE22D224CBF54B003290A0 /* Info.plist */,
				C9AE22CD24CBF54B003290A0 /* Assets.xcassets */,
				C9AE22CF24CBF54B003290A0 /* LaunchScreen.storyboard */,
				C9AE22D924CBF6D5003290A0 /* Models */,
				C9AE22D824CBF6C0003290A0 /* Resources */,
				C9AE22DA24CBF6EC003290A0 /* Storyboard */,
				C9AE22DB24CBF731003290A0 /* View Controllers */,
			);
			path = HitTips;
			sourceTree = "<group>";
		};
		C9AE22D824CBF6C0003290A0 /* Resources */ = {
			isa = PBXGroup;
			children = (
				C9AE22C124CBF549003290A0 /* AppDelegate.swift */,
				C9AE22C324CBF549003290A0 /* SceneDelegate.swift */,
			);
			path = Resources;
			sourceTree = "<group>";
		};
		C9AE22D924CBF6D5003290A0 /* Models */ = {
			isa = PBXGroup;
			children = (
				C9AE22E324CBF90D003290A0 /* TipController.swift */,
				C9AE22DE24CBF8FE003290A0 /* AlertMessages.swift */,
				C9AE22E524CBF90D003290A0 /* Comments.swift */,
				C9AE22E224CBF90D003290A0 /* CoreDataStack.swift */,
				C9AE22E424CBF90D003290A0 /* Date+Formatter.swift */,
				C9AE22CA24CBF549003290A0 /* HitTips.xcdatamodeld */,
				C9AE22E624CBF90D003290A0 /* Tip+Convenience.swift */,
				C9AE22E024CBF90D003290A0 /* TipRepresentation.swift */,
				C9AE22E124CBF90D003290A0 /* Tips.swift */,
				C8C844762E5C170D00D17A2A /* Keys.swift */,
				C8C8447D2E5E21BA00D17A2A /* StringSettings.swift */,
			);
			path = Models;
			sourceTree = "<group>";
		};
		C9AE22DA24CBF6EC003290A0 /* Storyboard */ = {
			isa = PBXGroup;
			children = (
				C9AE22C724CBF549003290A0 /* Main.storyboard */,
			);
			path = Storyboard;
			sourceTree = "<group>";
		};
		C9AE22DB24CBF731003290A0 /* View Controllers */ = {
			isa = PBXGroup;
			children = (
				C9AE22DC24CBF75B003290A0 /* MainViewController.swift */,
				C9AE22F224CBF988003290A0 /* TipDetailViewController.swift */,
				C9AE22F324CBF988003290A0 /* HistoryTableViewController.swift */,
				C9AE22F424CBF988003290A0 /* HistoryTableViewCell.swift */,
			);
			path = "View Controllers";
			sourceTree = "<group>";
		};
/* End PBXGroup section */

/* Begin PBXNativeTarget section */
		C9AE22BD24CBF549003290A0 /* HitTips */ = {
			isa = PBXNativeTarget;
			buildConfigurationList = C9AE22D524CBF54B003290A0 /* Build configuration list for PBXNativeTarget "HitTips" */;
			buildPhases = (
				C9AE22BA24CBF549003290A0 /* Sources */,
				C9AE22BB24CBF549003290A0 /* Frameworks */,
				C9AE22BC24CBF549003290A0 /* Resources */,
			);
			buildRules = (
			);
			dependencies = (
			);
			name = HitTips;
			productName = HitTips;
			productReference = C9AE22BE24CBF549003290A0 /* HitTips.app */;
			productType = "com.apple.product-type.application";
		};
/* End PBXNativeTarget section */

/* Begin PBXProject section */
		C9AE22B624CBF549003290A0 /* Project object */ = {
			isa = PBXProject;
			attributes = {
				LastSwiftUpdateCheck = 1140;
				LastUpgradeCheck = 1140;
				ORGANIZATIONNAME = "Matthew Martindale";
				TargetAttributes = {
					C9AE22BD24CBF549003290A0 = {
						CreatedOnToolsVersion = 11.4.1;
					};
				};
			};
			buildConfigurationList = C9AE22B924CBF549003290A0 /* Build configuration list for PBXProject "HitTips" */;
			compatibilityVersion = "Xcode 9.3";
			developmentRegion = en;
			hasScannedForEncodings = 0;
			knownRegions = (
				en,
				Base,
			);
			mainGroup = C9AE22B524CBF549003290A0;
			packageReferences = (
				C8C8447A2E5E01E500D17A2A /* XCRemoteSwiftPackageReference "swift-package-manager-google-mobile-ads" */,
			);
			productRefGroup = C9AE22BF24CBF549003290A0 /* Products */;
			projectDirPath = "";
			projectRoot = "";
			targets = (
				C9AE22BD24CBF549003290A0 /* HitTips */,
			);
		};
/* End PBXProject section */

/* Begin PBXResourcesBuildPhase section */
		C9AE22BC24CBF549003290A0 /* Resources */ = {
			isa = PBXResourcesBuildPhase;
			buildActionMask = 2147483647;
			files = (
				C9AE22D124CBF54B003290A0 /* LaunchScreen.storyboard in Resources */,
				C9AE22CE24CBF54B003290A0 /* Assets.xcassets in Resources */,
				C9AE22C924CBF549003290A0 /* Main.storyboard in Resources */,
			);
			runOnlyForDeploymentPostprocessing = 0;
		};
/* End PBXResourcesBuildPhase section */

/* Begin PBXSourcesBuildPhase section */
		C9AE22BA24CBF549003290A0 /* Sources */ = {
			isa = PBXSourcesBuildPhase;
			buildActionMask = 2147483647;
			files = (
				C8C844752E5C16ED00D17A2A /* RequestBuilder.swift in Sources */,
				C8C844712E5C16B500D17A2A /* AIService.swift in Sources */,
				C9AE22EC24CBF90D003290A0 /* Date+Formatter.swift in Sources */,
				C9AE22EE24CBF90D003290A0 /* Tip+Convenience.swift in Sources */,
				C8C844792E5C1DFB00D17A2A /* FetchTipCommentManager.swift in Sources */,
				C9AE22E824CBF90D003290A0 /* TipRepresentation.swift in Sources */,
				C8C844772E5C170D00D17A2A /* Keys.swift in Sources */,
				C8C8446F2E5C169500D17A2A /* AIResponse.swift in Sources */,
				C9AE22CC24CBF549003290A0 /* HitTips.xcdatamodeld in Sources */,
				C9AE22C224CBF549003290A0 /* AppDelegate.swift in Sources */,
				C9AE22ED24CBF90D003290A0 /* Comments.swift in Sources */,
				C9AE22C424CBF549003290A0 /* SceneDelegate.swift in Sources */,
				C9AE22F624CBF988003290A0 /* HistoryTableViewController.swift in Sources */,
				C9AE22F724CBF988003290A0 /* HistoryTableViewCell.swift in Sources */,
				C8C844732E5C16D300D17A2A /* NetworkManager.swift in Sources */,
				C9AE22E924CBF90D003290A0 /* Tips.swift in Sources */,
				C9AE22EB24CBF90D003290A0 /* TipController.swift in Sources */,
				C9AE22DD24CBF75B003290A0 /* MainViewController.swift in Sources */,
				C9AE22DF24CBF8FE003290A0 /* AlertMessages.swift in Sources */,
				C9AE22EA24CBF90D003290A0 /* CoreDataStack.swift in Sources */,
				C9AE22F524CBF988003290A0 /* TipDetailViewController.swift in Sources */,
				C8C8447E2E5E21BA00D17A2A /* StringSettings.swift in Sources */,
			);
			runOnlyForDeploymentPostprocessing = 0;
		};
/* End PBXSourcesBuildPhase section */

/* Begin PBXVariantGroup section */
		C9AE22C724CBF549003290A0 /* Main.storyboard */ = {
			isa = PBXVariantGroup;
			children = (
				C9AE22C824CBF549003290A0 /* Base */,
			);
			name = Main.storyboard;
			sourceTree = "<group>";
		};
		C9AE22CF24CBF54B003290A0 /* LaunchScreen.storyboard */ = {
			isa = PBXVariantGroup;
			children = (
				C9AE22D024CBF54B003290A0 /* Base */,
			);
			name = LaunchScreen.storyboard;
			sourceTree = "<group>";
		};
/* End PBXVariantGroup section */

/* Begin XCBuildConfiguration section */
		C9AE22D324CBF54B003290A0 /* Debug */ = {
			isa = XCBuildConfiguration;
			buildSettings = {
				ALWAYS_SEARCH_USER_PATHS = NO;
				CLANG_ANALYZER_NONNULL = YES;
				CLANG_ANALYZER_NUMBER_OBJECT_CONVERSION = YES_AGGRESSIVE;
				CLANG_CXX_LANGUAGE_STANDARD = "gnu++14";
				CLANG_CXX_LIBRARY = "libc++";
				CLANG_ENABLE_MODULES = YES;
				CLANG_ENABLE_OBJC_ARC = YES;
				CLANG_ENABLE_OBJC_WEAK = YES;
				CLANG_WARN_BLOCK_CAPTURE_AUTORELEASING = YES;
				CLANG_WARN_BOOL_CONVERSION = YES;
				CLANG_WARN_COMMA = YES;
				CLANG_WARN_CONSTANT_CONVERSION = YES;
				CLANG_WARN_DEPRECATED_OBJC_IMPLEMENTATIONS = YES;
				CLANG_WARN_DIRECT_OBJC_ISA_USAGE = YES_ERROR;
				CLANG_WARN_DOCUMENTATION_COMMENTS = YES;
				CLANG_WARN_EMPTY_BODY = YES;
				CLANG_WARN_ENUM_CONVERSION = YES;
				CLANG_WARN_INFINITE_RECURSION = YES;
				CLANG_WARN_INT_CONVERSION = YES;
				CLANG_WARN_NON_LITERAL_NULL_CONVERSION = YES;
				CLANG_WARN_OBJC_IMPLICIT_RETAIN_SELF = YES;
				CLANG_WARN_OBJC_LITERAL_CONVERSION = YES;
				CLANG_WARN_OBJC_ROOT_CLASS = YES_ERROR;
				CLANG_WARN_RANGE_LOOP_ANALYSIS = YES;
				CLANG_WARN_STRICT_PROTOTYPES = YES;
				CLANG_WARN_SUSPICIOUS_MOVE = YES;
				CLANG_WARN_UNGUARDED_AVAILABILITY = YES_AGGRESSIVE;
				CLANG_WARN_UNREACHABLE_CODE = YES;
				CLANG_WARN__DUPLICATE_METHOD_MATCH = YES;
				COPY_PHASE_STRIP = NO;
				DEBUG_INFORMATION_FORMAT = dwarf;
				ENABLE_STRICT_OBJC_MSGSEND = YES;
				ENABLE_TESTABILITY = YES;
				GCC_C_LANGUAGE_STANDARD = gnu11;
				GCC_DYNAMIC_NO_PIC = NO;
				GCC_NO_COMMON_BLOCKS = YES;
				GCC_OPTIMIZATION_LEVEL = 0;
				GCC_PREPROCESSOR_DEFINITIONS = (
					"DEBUG=1",
					"$(inherited)",
				);
				GCC_WARN_64_TO_32_BIT_CONVERSION = YES;
				GCC_WARN_ABOUT_RETURN_TYPE = YES_ERROR;
				GCC_WARN_UNDECLARED_SELECTOR = YES;
				GCC_WARN_UNINITIALIZED_AUTOS = YES_AGGRESSIVE;
				GCC_WARN_UNUSED_FUNCTION = YES;
				GCC_WARN_UNUSED_VARIABLE = YES;
				IPHONEOS_DEPLOYMENT_TARGET = 13.4;
				MTL_ENABLE_DEBUG_INFO = INCLUDE_SOURCE;
				MTL_FAST_MATH = YES;
				ONLY_ACTIVE_ARCH = YES;
				SDKROOT = iphoneos;
				SWIFT_ACTIVE_COMPILATION_CONDITIONS = DEBUG;
				SWIFT_OPTIMIZATION_LEVEL = "-Onone";
			};
			name = Debug;
		};
		C9AE22D424CBF54B003290A0 /* Release */ = {
			isa = XCBuildConfiguration;
			buildSettings = {
				ALWAYS_SEARCH_USER_PATHS = NO;
				CLANG_ANALYZER_NONNULL = YES;
				CLANG_ANALYZER_NUMBER_OBJECT_CONVERSION = YES_AGGRESSIVE;
				CLANG_CXX_LANGUAGE_STANDARD = "gnu++14";
				CLANG_CXX_LIBRARY = "libc++";
				CLANG_ENABLE_MODULES = YES;
				CLANG_ENABLE_OBJC_ARC = YES;
				CLANG_ENABLE_OBJC_WEAK = YES;
				CLANG_WARN_BLOCK_CAPTURE_AUTORELEASING = YES;
				CLANG_WARN_BOOL_CONVERSION = YES;
				CLANG_WARN_COMMA = YES;
				CLANG_WARN_CONSTANT_CONVERSION = YES;
				CLANG_WARN_DEPRECATED_OBJC_IMPLEMENTATIONS = YES;
				CLANG_WARN_DIRECT_OBJC_ISA_USAGE = YES_ERROR;
				CLANG_WARN_DOCUMENTATION_COMMENTS = YES;
				CLANG_WARN_EMPTY_BODY = YES;
				CLANG_WARN_ENUM_CONVERSION = YES;
				CLANG_WARN_INFINITE_RECURSION = YES;
				CLANG_WARN_INT_CONVERSION = YES;
				CLANG_WARN_NON_LITERAL_NULL_CONVERSION = YES;
				CLANG_WARN_OBJC_IMPLICIT_RETAIN_SELF = YES;
				CLANG_WARN_OBJC_LITERAL_CONVERSION = YES;
				CLANG_WARN_OBJC_ROOT_CLASS = YES_ERROR;
				CLANG_WARN_RANGE_LOOP_ANALYSIS = YES;
				CLANG_WARN_STRICT_PROTOTYPES = YES;
				CLANG_WARN_SUSPICIOUS_MOVE = YES;
				CLANG_WARN_UNGUARDED_AVAILABILITY = YES_AGGRESSIVE;
				CLANG_WARN_UNREACHABLE_CODE = YES;
				CLANG_WARN__DUPLICATE_METHOD_MATCH = YES;
				COPY_PHASE_STRIP = NO;
				DEBUG_INFORMATION_FORMAT = "dwarf-with-dsym";
				ENABLE_NS_ASSERTIONS = NO;
				ENABLE_STRICT_OBJC_MSGSEND = YES;
				GCC_C_LANGUAGE_STANDARD = gnu11;
				GCC_NO_COMMON_BLOCKS = YES;
				GCC_WARN_64_TO_32_BIT_CONVERSION = YES;
				GCC_WARN_ABOUT_RETURN_TYPE = YES_ERROR;
				GCC_WARN_UNDECLARED_SELECTOR = YES;
				GCC_WARN_UNINITIALIZED_AUTOS = YES_AGGRESSIVE;
				GCC_WARN_UNUSED_FUNCTION = YES;
				GCC_WARN_UNUSED_VARIABLE = YES;
				IPHONEOS_DEPLOYMENT_TARGET = 13.4;
				MTL_ENABLE_DEBUG_INFO = NO;
				MTL_FAST_MATH = YES;
				SDKROOT = iphoneos;
				SWIFT_COMPILATION_MODE = wholemodule;
				SWIFT_OPTIMIZATION_LEVEL = "-O";
				VALIDATE_PRODUCT = YES;
			};
			name = Release;
		};
		C9AE22D624CBF54B003290A0 /* Debug */ = {
			isa = XCBuildConfiguration;
			buildSettings = {
				ASSETCATALOG_COMPILER_APPICON_NAME = AppIcon;
				CODE_SIGN_STYLE = Automatic;
				DEVELOPMENT_TEAM = NVQX7ZW685;
				INFOPLIST_FILE = HitTips/Info.plist;
				LD_RUNPATH_SEARCH_PATHS = (
					"$(inherited)",
					"@executable_path/Frameworks",
				);
				PRODUCT_BUNDLE_IDENTIFIER = com.mattmartindale.HitTip;
				PRODUCT_NAME = "$(TARGET_NAME)";
				SWIFT_VERSION = 5.0;
				TARGETED_DEVICE_FAMILY = 1;
			};
			name = Debug;
		};
		C9AE22D724CBF54B003290A0 /* Release */ = {
			isa = XCBuildConfiguration;
			buildSettings = {
				ASSETCATALOG_COMPILER_APPICON_NAME = AppIcon;
				CODE_SIGN_STYLE = Automatic;
				DEVELOPMENT_TEAM = NVQX7ZW685;
				INFOPLIST_FILE = HitTips/Info.plist;
				LD_RUNPATH_SEARCH_PATHS = (
					"$(inherited)",
					"@executable_path/Frameworks",
				);
				PRODUCT_BUNDLE_IDENTIFIER = com.mattmartindale.HitTip;
				PRODUCT_NAME = "$(TARGET_NAME)";
				SWIFT_VERSION = 5.0;
				TARGETED_DEVICE_FAMILY = 1;
			};
			name = Release;
		};
/* End XCBuildConfiguration section */

/* Begin XCConfigurationList section */
		C9AE22B924CBF549003290A0 /* Build configuration list for PBXProject "HitTips" */ = {
			isa = XCConfigurationList;
			buildConfigurations = (
				C9AE22D324CBF54B003290A0 /* Debug */,
				C9AE22D424CBF54B003290A0 /* Release */,
			);
			defaultConfigurationIsVisible = 0;
			defaultConfigurationName = Release;
		};
		C9AE22D524CBF54B003290A0 /* Build configuration list for PBXNativeTarget "HitTips" */ = {
			isa = XCConfigurationList;
			buildConfigurations = (
				C9AE22D624CBF54B003290A0 /* Debug */,
				C9AE22D724CBF54B003290A0 /* Release */,
			);
			defaultConfigurationIsVisible = 0;
			defaultConfigurationName = Release;
		};
/* End XCConfigurationList section */

/* Begin XCRemoteSwiftPackageReference section */
		C8C8447A2E5E01E500D17A2A /* XCRemoteSwiftPackageReference "swift-package-manager-google-mobile-ads" */ = {
			isa = XCRemoteSwiftPackageReference;
			repositoryURL = "https://github.com/googleads/swift-package-manager-google-mobile-ads.git";
			requirement = {
				kind = upToNextMajorVersion;
				minimumVersion = 12.9.0;
			};
		};
/* End XCRemoteSwiftPackageReference section */

/* Begin XCSwiftPackageProductDependency section */
		C8C8447B2E5E01E500D17A2A /* GoogleMobileAds */ = {
			isa = XCSwiftPackageProductDependency;
			package = C8C8447A2E5E01E500D17A2A /* XCRemoteSwiftPackageReference "swift-package-manager-google-mobile-ads" */;
			productName = GoogleMobileAds;
		};
/* End XCSwiftPackageProductDependency section */

/* Begin XCVersionGroup section */
		C9AE22CA24CBF549003290A0 /* HitTips.xcdatamodeld */ = {
			isa = XCVersionGroup;
			children = (
				C9AE22CB24CBF549003290A0 /* HitTips.xcdatamodel */,
			);
			currentVersion = C9AE22CB24CBF549003290A0 /* HitTips.xcdatamodel */;
			path = HitTips.xcdatamodeld;
			sourceTree = "<group>";
			versionGroupType = wrapper.xcdatamodel;
		};
/* End XCVersionGroup section */
	};
	rootObject = C9AE22B624CBF549003290A0 /* Project object */;
}
